
Microsoft Visual Studio Solution File, Format Version 12.00
# Visual Studio Version 17
VisualStudioVersion = 17.11.35327.3
MinimumVisualStudioVersion = 10.0.40219.1
Project("{FAE04EC0-301F-11D3-BF4B-00C04F79EFBC}") = "Machine Status Tracker", "Machine Status Tracker\Machine Status Tracker.csproj", "{1C0B25BB-9165-4D77-8823-2E220DBB9545}"
EndProject
Global
	GlobalSection(SolutionConfigurationPlatforms) = preSolution
		Debug|Any CPU = Debug|Any CPU
		Release|Any CPU = Release|Any CPU
	EndGlobalSection
	GlobalSection(ProjectConfigurationPlatforms) = postSolution
		{1C0B25BB-9165-4D77-8823-2E220DBB9545}.Debug|Any CPU.ActiveCfg = Debug|Any CPU
		{1C0B25BB-9165-4D77-8823-2E220DBB9545}.Debug|Any CPU.Build.0 = Debug|Any CPU
		{1C0B25BB-9165-4D77-8823-2E220DBB9545}.Release|Any CPU.ActiveCfg = Release|Any CPU
		{1C0B25BB-9165-4D77-8823-2E220DBB9545}.Release|Any CPU.Build.0 = Release|Any CPU
	EndGlobalSection
	GlobalSection(SolutionProperties) = preSolution
		HideSolutionNode = FALSE
	EndGlobalSection
	GlobalSection(ExtensibilityGlobals) = postSolution
		SolutionGuid = {D61809AF-51A6-4C34-B2A4-9C15F79EF7EF}
	EndGlobalSection
EndGlobal
